
Microsoft Visual Studio Solution File, Format Version 12.00
# Visual Studio 15
VisualStudioVersion = 15.0.27428.2043
MinimumVisualStudioVersion = 10.0.40219.1
Project("{8BC9CEB8-8B4A-11D0-8D11-00A0C91BC942}") = "Windows-KeyLogger", "Windows-KeyLogger\Windows-KeyLogger.vcxproj", "{D10A1DBB-00C6-4A0F-934E-EBC54972D0B7}"
EndProject
Global
	GlobalSection(SolutionConfigurationPlatforms) = preSolution
		Debug|x64 = Debug|x64
		Debug|x86 = Debug|x86
		Release|x64 = Release|x64
		Release|x86 = Release|x86
	EndGlobalSection
	GlobalSection(ProjectConfigurationPlatforms) = postSolution
		{D10A1DBB-00C6-4A0F-934E-EBC54972D0B7}.Debug|x64.ActiveCfg = Debug|x64
		{D10A1DBB-00C6-4A0F-934E-EBC54972D0B7}.Debug|x64.Build.0 = Debug|x64
		{D10A1DBB-00C6-4A0F-934E-EBC54972D0B7}.Debug|x86.ActiveCfg = Debug|Win32
		{D10A1DBB-00C6-4A0F-934E-EBC54972D0B7}.Debug|x86.Build.0 = Debug|Win32
		{D10A1DBB-00C6-4A0F-934E-EBC54972D0B7}.Release|x64.ActiveCfg = Release|x64
		{D10A1DBB-00C6-4A0F-934E-EBC54972D0B7}.Release|x64.Build.0 = Release|x64
		{D10A1DBB-00C6-4A0F-934E-EBC54972D0B7}.Release|x86.ActiveCfg = Release|Win32
		{D10A1DBB-00C6-4A0F-934E-EBC54972D0B7}.Release|x86.Build.0 = Release|Win32
	EndGlobalSection
	GlobalSection(SolutionProperties) = preSolution
		HideSolutionNode = FALSE
	EndGlobalSection
	GlobalSection(ExtensibilityGlobals) = postSolution
		SolutionGuid = {D7114DC8-DD16-4E04-B285-065FCC124575}
	EndGlobalSection
EndGlobal
